
Microsoft Visual Studio Solution File, Format Version 12.00
# Visual Studio Version 16
VisualStudioVersion = 16.0.34301.259
MinimumVisualStudioVersion = 10.0.40219.1
Project("{FAE04EC0-301F-11D3-BF4B-00C04F79EFBC}") = "apiAplicacion", "apiAplicacion\apiAplicacion.csproj", "{8083923A-BA5C-42A4-85C8-71E015477ED9}"
EndProject
Global
	GlobalSection(SolutionConfigurationPlatforms) = preSolution
		Debug|Any CPU = Debug|Any CPU
		Release|Any CPU = Release|Any CPU
	EndGlobalSection
	GlobalSection(ProjectConfigurationPlatforms) = postSolution
		{8083923A-BA5C-42A4-85C8-71E015477ED9}.Debug|Any CPU.ActiveCfg = Debug|Any CPU
		{8083923A-BA5C-42A4-85C8-71E015477ED9}.Debug|Any CPU.Build.0 = Debug|Any CPU
		{8083923A-BA5C-42A4-85C8-71E015477ED9}.Release|Any CPU.ActiveCfg = Release|Any CPU
		{8083923A-BA5C-42A4-85C8-71E015477ED9}.Release|Any CPU.Build.0 = Release|Any CPU
	EndGlobalSection
	GlobalSection(SolutionProperties) = preSolution
		HideSolutionNode = FALSE
	EndGlobalSection
	GlobalSection(ExtensibilityGlobals) = postSolution
		SolutionGuid = {6F7DA245-04AC-4C32-BD8F-875956B2BC88}
	EndGlobalSection
EndGlobal
